
Microsoft Visual Studio Solution File, Format Version 12.00
# Visual Studio Version 17
VisualStudioVersion = 17.7.34003.232
MinimumVisualStudioVersion = 10.0.40219.1
Project("{9A19103F-16F7-4668-BE54-9A1E7A4F7556}") = "FainCraft", "FainCraft.csproj", "{1436053C-7E26-4E3F-96A1-5C92880BECB3}"
	ProjectSection(ProjectDependencies) = postProject
		{BDFD83ED-8CC1-4912-8C7B-DD628FA0AF1E} = {BDFD83ED-8CC1-4912-8C7B-DD628FA0AF1E}
	EndProjectSection
EndProject
Project("{9A19103F-16F7-4668-BE54-9A1E7A4F7556}") = "FainEngine_v2", "..\FainEngine_v2\FainEngine_v2.csproj", "{BDFD83ED-8CC1-4912-8C7B-DD628FA0AF1E}"
EndProject
Project("{FAE04EC0-301F-11D3-BF4B-00C04F79EFBC}") = "FainEngine_v2.Tests", "..\FainEngine_v2.Tests\FainEngine_v2.Tests.csproj", "{BE796DF3-0CCE-43BF-A04E-5ECF38DB20EA}"
EndProject
Global
	GlobalSection(SolutionConfigurationPlatforms) = preSolution
		Debug|Any CPU = Debug|Any CPU
		Release|Any CPU = Release|Any CPU
	EndGlobalSection
	GlobalSection(ProjectConfigurationPlatforms) = postSolution
		{1436053C-7E26-4E3F-96A1-5C92880BECB3}.Debug|Any CPU.ActiveCfg = Debug|Any CPU
		{1436053C-7E26-4E3F-96A1-5C92880BECB3}.Debug|Any CPU.Build.0 = Debug|Any CPU
		{1436053C-7E26-4E3F-96A1-5C92880BECB3}.Release|Any CPU.ActiveCfg = Release|Any CPU
		{1436053C-7E26-4E3F-96A1-5C92880BECB3}.Release|Any CPU.Build.0 = Release|Any CPU
		{BDFD83ED-8CC1-4912-8C7B-DD628FA0AF1E}.Debug|Any CPU.ActiveCfg = Debug|Any CPU
		{BDFD83ED-8CC1-4912-8C7B-DD628FA0AF1E}.Debug|Any CPU.Build.0 = Debug|Any CPU
		{BDFD83ED-8CC1-4912-8C7B-DD628FA0AF1E}.Release|Any CPU.ActiveCfg = Release|Any CPU
		{BDFD83ED-8CC1-4912-8C7B-DD628FA0AF1E}.Release|Any CPU.Build.0 = Release|Any CPU
		{BE796DF3-0CCE-43BF-A04E-5ECF38DB20EA}.Debug|Any CPU.ActiveCfg = Debug|Any CPU
		{BE796DF3-0CCE-43BF-A04E-5ECF38DB20EA}.Debug|Any CPU.Build.0 = Debug|Any CPU
		{BE796DF3-0CCE-43BF-A04E-5ECF38DB20EA}.Release|Any CPU.ActiveCfg = Release|Any CPU
		{BE796DF3-0CCE-43BF-A04E-5ECF38DB20EA}.Release|Any CPU.Build.0 = Release|Any CPU
	EndGlobalSection
	GlobalSection(SolutionProperties) = preSolution
		HideSolutionNode = FALSE
	EndGlobalSection
	GlobalSection(ExtensibilityGlobals) = postSolution
		SolutionGuid = {0620CCD7-620C-4205-A0DB-364FD1EA2939}
	EndGlobalSection
EndGlobal
