
Microsoft Visual Studio Solution File, Format Version 12.00
# Visual Studio Version 17
VisualStudioVersion = 17.7.34003.232
MinimumVisualStudioVersion = 10.0.40219.1
Project("{9A19103F-16F7-4668-BE54-9A1E7A4F7556}") = "FainCraft", "FainCraft.csproj", "{1436053C-7E26-4E3F-96A1-5C92880BECB3}"
EndProject
Global
	GlobalSection(SolutionConfigurationPlatforms) = preSolution
		Debug|Any CPU = Debug|Any CPU
		Release|Any CPU = Release|Any CPU
	EndGlobalSection
	GlobalSection(ProjectConfigurationPlatforms) = postSolution
		{1436053C-7E26-4E3F-96A1-5C92880BECB3}.Debug|Any CPU.ActiveCfg = Debug|Any CPU
		{1436053C-7E26-4E3F-96A1-5C92880BECB3}.Debug|Any CPU.Build.0 = Debug|Any CPU
		{1436053C-7E26-4E3F-96A1-5C92880BECB3}.Release|Any CPU.ActiveCfg = Release|Any CPU
		{1436053C-7E26-4E3F-96A1-5C92880BECB3}.Release|Any CPU.Build.0 = Release|Any CPU
	EndGlobalSection
	GlobalSection(SolutionProperties) = preSolution
		HideSolutionNode = FALSE
	EndGlobalSection
	GlobalSection(ExtensibilityGlobals) = postSolution
		SolutionGuid = {0620CCD7-620C-4205-A0DB-364FD1EA2939}
	EndGlobalSection
EndGlobal
